{
  "originHash" : "500fd2270ffb83bc75b3d34623f75ee8d966e9c5a408dc62ef620a2f436b9d83",
  "pins" : [
    {
      "identity" : "pag-ios",
      "kind" : "remoteSourceControl",
      "location" : "https://github.com/libpag/pag-ios",
      "state" : {
        "revision" : "4a772fc57936b792e6e1dbe8043a58a44c345fa7",
        "version" : "4.4.15"
      }
    }
  ],
  "version" : 3
}
